
Microsoft Visual Studio Solution File, Format Version 12.00
# Visual Studio Version 16
VisualStudioVersion = 16.6.30114.105
MinimumVisualStudioVersion = 10.0.40219.1
Project("{2150E333-8FDC-42A3-9474-1A3956D46DE8}") = "src", "src", "{B6F13EE5-DC21-4E3C-A368-3AD93D0C2823}"
EndProject
Project("{9A19103F-16F7-4668-BE54-9A1E7A4F7556}") = "ZbW.DesignPatterns", "src\ZbW.DesignPatterns\ZbW.DesignPatterns.csproj", "{BD0A9F26-39FC-455C-8252-CC1713742ABF}"
EndProject
Project("{2150E333-8FDC-42A3-9474-1A3956D46DE8}") = "tests", "tests", "{F0670FAF-B69A-45C4-B535-D88854612DC4}"
EndProject
Project("{9A19103F-16F7-4668-BE54-9A1E7A4F7556}") = "ZbW.DesignPatterns.Tests", "tests\ZbW.DesignPatterns.Tests\ZbW.DesignPatterns.Tests.csproj", "{5C895D1F-EED4-4FCD-A78E-9E7488FC1563}"
EndProject
Project("{2150E333-8FDC-42A3-9474-1A3956D46DE8}") = "debug", "debug", "{A6F31149-D3F5-4D7B-ACA4-D0E55C2E228B}"
EndProject
Project("{FAE04EC0-301F-11D3-BF4B-00C04F79EFBC}") = "ConsoleApp", "ConsoleApp\ConsoleApp.csproj", "{DF5ACFFC-7EF6-4A05-87BB-95938C381F5A}"
EndProject
Global
	GlobalSection(SolutionConfigurationPlatforms) = preSolution
		Debug|Any CPU = Debug|Any CPU
		Debug|x64 = Debug|x64
		Debug|x86 = Debug|x86
		Release|Any CPU = Release|Any CPU
		Release|x64 = Release|x64
		Release|x86 = Release|x86
	EndGlobalSection
	GlobalSection(ProjectConfigurationPlatforms) = postSolution
		{BD0A9F26-39FC-455C-8252-CC1713742ABF}.Debug|Any CPU.ActiveCfg = Debug|Any CPU
		{BD0A9F26-39FC-455C-8252-CC1713742ABF}.Debug|Any CPU.Build.0 = Debug|Any CPU
		{BD0A9F26-39FC-455C-8252-CC1713742ABF}.Debug|x64.ActiveCfg = Debug|Any CPU
		{BD0A9F26-39FC-455C-8252-CC1713742ABF}.Debug|x64.Build.0 = Debug|Any CPU
		{BD0A9F26-39FC-455C-8252-CC1713742ABF}.Debug|x86.ActiveCfg = Debug|Any CPU
		{BD0A9F26-39FC-455C-8252-CC1713742ABF}.Debug|x86.Build.0 = Debug|Any CPU
		{BD0A9F26-39FC-455C-8252-CC1713742ABF}.Release|Any CPU.ActiveCfg = Release|Any CPU
		{BD0A9F26-39FC-455C-8252-CC1713742ABF}.Release|Any CPU.Build.0 = Release|Any CPU
		{BD0A9F26-39FC-455C-8252-CC1713742ABF}.Release|x64.ActiveCfg = Release|Any CPU
		{BD0A9F26-39FC-455C-8252-CC1713742ABF}.Release|x64.Build.0 = Release|Any CPU
		{BD0A9F26-39FC-455C-8252-CC1713742ABF}.Release|x86.ActiveCfg = Release|Any CPU
		{BD0A9F26-39FC-455C-8252-CC1713742ABF}.Release|x86.Build.0 = Release|Any CPU
		{5C895D1F-EED4-4FCD-A78E-9E7488FC1563}.Debug|Any CPU.ActiveCfg = Debug|Any CPU
		{5C895D1F-EED4-4FCD-A78E-9E7488FC1563}.Debug|Any CPU.Build.0 = Debug|Any CPU
		{5C895D1F-EED4-4FCD-A78E-9E7488FC1563}.Debug|x64.ActiveCfg = Debug|Any CPU
		{5C895D1F-EED4-4FCD-A78E-9E7488FC1563}.Debug|x64.Build.0 = Debug|Any CPU
		{5C895D1F-EED4-4FCD-A78E-9E7488FC1563}.Debug|x86.ActiveCfg = Debug|Any CPU
		{5C895D1F-EED4-4FCD-A78E-9E7488FC1563}.Debug|x86.Build.0 = Debug|Any CPU
		{5C895D1F-EED4-4FCD-A78E-9E7488FC1563}.Release|Any CPU.ActiveCfg = Release|Any CPU
		{5C895D1F-EED4-4FCD-A78E-9E7488FC1563}.Release|Any CPU.Build.0 = Release|Any CPU
		{5C895D1F-EED4-4FCD-A78E-9E7488FC1563}.Release|x64.ActiveCfg = Release|Any CPU
		{5C895D1F-EED4-4FCD-A78E-9E7488FC1563}.Release|x64.Build.0 = Release|Any CPU
		{5C895D1F-EED4-4FCD-A78E-9E7488FC1563}.Release|x86.ActiveCfg = Release|Any CPU
		{5C895D1F-EED4-4FCD-A78E-9E7488FC1563}.Release|x86.Build.0 = Release|Any CPU
		{DF5ACFFC-7EF6-4A05-87BB-95938C381F5A}.Debug|Any CPU.ActiveCfg = Debug|Any CPU
		{DF5ACFFC-7EF6-4A05-87BB-95938C381F5A}.Debug|Any CPU.Build.0 = Debug|Any CPU
		{DF5ACFFC-7EF6-4A05-87BB-95938C381F5A}.Debug|x64.ActiveCfg = Debug|Any CPU
		{DF5ACFFC-7EF6-4A05-87BB-95938C381F5A}.Debug|x64.Build.0 = Debug|Any CPU
		{DF5ACFFC-7EF6-4A05-87BB-95938C381F5A}.Debug|x86.ActiveCfg = Debug|Any CPU
		{DF5ACFFC-7EF6-4A05-87BB-95938C381F5A}.Debug|x86.Build.0 = Debug|Any CPU
		{DF5ACFFC-7EF6-4A05-87BB-95938C381F5A}.Release|Any CPU.ActiveCfg = Release|Any CPU
		{DF5ACFFC-7EF6-4A05-87BB-95938C381F5A}.Release|Any CPU.Build.0 = Release|Any CPU
		{DF5ACFFC-7EF6-4A05-87BB-95938C381F5A}.Release|x64.ActiveCfg = Release|Any CPU
		{DF5ACFFC-7EF6-4A05-87BB-95938C381F5A}.Release|x64.Build.0 = Release|Any CPU
		{DF5ACFFC-7EF6-4A05-87BB-95938C381F5A}.Release|x86.ActiveCfg = Release|Any CPU
		{DF5ACFFC-7EF6-4A05-87BB-95938C381F5A}.Release|x86.Build.0 = Release|Any CPU
	EndGlobalSection
	GlobalSection(SolutionProperties) = preSolution
		HideSolutionNode = FALSE
	EndGlobalSection
	GlobalSection(NestedProjects) = preSolution
		{BD0A9F26-39FC-455C-8252-CC1713742ABF} = {B6F13EE5-DC21-4E3C-A368-3AD93D0C2823}
		{5C895D1F-EED4-4FCD-A78E-9E7488FC1563} = {F0670FAF-B69A-45C4-B535-D88854612DC4}
		{DF5ACFFC-7EF6-4A05-87BB-95938C381F5A} = {A6F31149-D3F5-4D7B-ACA4-D0E55C2E228B}
	EndGlobalSection
	GlobalSection(ExtensibilityGlobals) = postSolution
		SolutionGuid = {0753D682-6471-4E6D-930E-21C0750A78AD}
	EndGlobalSection
EndGlobal
